
Microsoft Visual Studio Solution File, Format Version 11.00
# Visual Studio 2010
Project("{FAE04EC0-301F-11D3-BF4B-00C04F79EFBC}") = "WaterPlots", "WaterPlots\WaterPlots.csproj", "{F99FCE32-B387-44F6-903D-AB08342755A4}"
EndProject
Global
	GlobalSection(SolutionConfigurationPlatforms) = preSolution
		Debug|x86 = Debug|x86
		Release|x86 = Release|x86
	EndGlobalSection
	GlobalSection(ProjectConfigurationPlatforms) = postSolution
		{F99FCE32-B387-44F6-903D-AB08342755A4}.Debug|x86.ActiveCfg = Debug|x86
		{F99FCE32-B387-44F6-903D-AB08342755A4}.Debug|x86.Build.0 = Debug|x86
		{F99FCE32-B387-44F6-903D-AB08342755A4}.Release|x86.ActiveCfg = Release|x86
		{F99FCE32-B387-44F6-903D-AB08342755A4}.Release|x86.Build.0 = Release|x86
	EndGlobalSection
	GlobalSection(SolutionProperties) = preSolution
		HideSolutionNode = FALSE
	EndGlobalSection
EndGlobal
